<?xml version="1.0" encoding="utf-8"?>
<Project ToolsVersion="4.0" xmlns="http://schemas.microsoft.com/developer/msbuild/2003">
  <ItemGroup>
    <Filter Include="소스 파일">
      <UniqueIdentifier>{4FC737F1-C7A5-4376-A066-2A32D752A2FF}</UniqueIdentifier>
      <Extensions>cpp;c;cc;cxx;c++;cppm;ixx;def;odl;idl;hpj;bat;asm;asmx</Extensions>
    </Filter>
    <Filter Include="헤더 파일">
      <UniqueIdentifier>{93995380-89BD-4b04-88EB-625FBE52EBFB}</UniqueIdentifier>
      <Extensions>h;hh;hpp;hxx;h++;hm;inl;inc;ipp;xsd</Extensions>
    </Filter>
    <Filter Include="리소스 파일">
      <UniqueIdentifier>{67DA6AB6-F800-4c08-8B7A-83BB121AAD01}</UniqueIdentifier>
      <Extensions>rc;ico;cur;bmp;dlg;rc2;rct;bin;rgs;gif;jpg;jpeg;jpe;resx;tiff;tif;png;wav;mfcribbon-ms</Extensions>
    </Filter>
    <Filter Include="App">
      <UniqueIdentifier>{00d82061-e394-4ad3-9f99-a8347f9e6f36}</UniqueIdentifier>
    </Filter>
    <Filter Include="Network">
      <UniqueIdentifier>{10202043-1e05-4cac-9515-2f736c6acd9c}</UniqueIdentifier>
    </Filter>
    <Filter Include="Base">
      <UniqueIdentifier>{5608dda5-d868-49b9-9543-6fec32bc7787}</UniqueIdentifier>
    </Filter>
    <Filter Include="NetBase">
      <UniqueIdentifier>{b23e86d8-c4ec-4932-b363-3a9274bb851f}</UniqueIdentifier>
    </Filter>
    <Filter Include="Base\header">
      <UniqueIdentifier>{d7bd36c2-fb37-4d56-b02a-29fd892ac7e1}</UniqueIdentifier>
    </Filter>
    <Filter Include="Base\source">
      <UniqueIdentifier>{390627ef-04a4-4d4a-99de-2106fb65a4c5}</UniqueIdentifier>
    </Filter>
    <Filter Include="NetBase\source">
      <UniqueIdentifier>{88b8fe81-3336-4b5a-ad9d-f0a15939797e}</UniqueIdentifier>
    </Filter>
    <Filter Include="NetBase\header">
      <UniqueIdentifier>{84ea678f-6183-47c6-a2d4-76fded9f162a}</UniqueIdentifier>
    </Filter>
  </ItemGroup>
  <ItemGroup>
    <ClCompile Include="main.cpp">
      <Filter>소스 파일</Filter>
    </ClCompile>
    <ClCompile Include="SignInfo.cpp">
      <Filter>App</Filter>
    </ClCompile>
    <ClCompile Include="SignManager.cpp">
      <Filter>App</Filter>
    </ClCompile>
    <ClCompile Include="Engine.cpp">
      <Filter>Network</Filter>
    </ClCompile>
    <ClCompile Include="IOCPNetworkManager.cpp">
      <Filter>Network</Filter>
    </ClCompile>
    <ClCompile Include="CriticalSection.cpp">
      <Filter>Base\source</Filter>
    </ClCompile>
    <ClCompile Include="MemoryStream.cpp">
      <Filter>Base\source</Filter>
    </ClCompile>
    <ClCompile Include="IOCPSessionBase.cpp">
      <Filter>NetBase\source</Filter>
    </ClCompile>
    <ClCompile Include="SessionBase.cpp">
      <Filter>NetBase\source</Filter>
    </ClCompile>
    <ClCompile Include="Packet.cpp">
      <Filter>NetBase\source</Filter>
    </ClCompile>
    <ClCompile Include="PacketManager.cpp">
      <Filter>NetBase\source</Filter>
    </ClCompile>
    <ClCompile Include="SocketAddress.cpp">
      <Filter>NetBase\source</Filter>
    </ClCompile>
    <ClCompile Include="TCPSocket.cpp">
      <Filter>NetBase\source</Filter>
    </ClCompile>
    <ClCompile Include="SessionManager.cpp">
      <Filter>Network</Filter>
    </ClCompile>
    <ClCompile Include="IOCPSession.cpp">
      <Filter>Network</Filter>
    </ClCompile>
    <ClCompile Include="SocketUtil.cpp">
      <Filter>NetBase\source</Filter>
    </ClCompile>
  </ItemGroup>
  <ItemGroup>
    <ClInclude Include="base.h">
      <Filter>헤더 파일</Filter>
    </ClInclude>
    <ClInclude Include="SignManager.h">
      <Filter>App</Filter>
    </ClInclude>
    <ClInclude Include="SignInfo.h">
      <Filter>App</Filter>
    </ClInclude>
    <ClInclude Include="NetworkManager.h">
      <Filter>Network</Filter>
    </ClInclude>
    <ClInclude Include="Engine.h">
      <Filter>Network</Filter>
    </ClInclude>
    <ClInclude Include="IOCPNetworkManager.h">
      <Filter>Network</Filter>
    </ClInclude>
    <ClInclude Include="CriticalSection.h">
      <Filter>Base\header</Filter>
    </ClInclude>
    <ClInclude Include="MemoryStream.h">
      <Filter>Base\header</Filter>
    </ClInclude>
    <ClInclude Include="Singleton.h">
      <Filter>Base\header</Filter>
    </ClInclude>
    <ClInclude Include="EngineBase.h">
      <Filter>NetBase\header</Filter>
    </ClInclude>
    <ClInclude Include="IOCPNetworkManagerBase.h">
      <Filter>NetBase\header</Filter>
    </ClInclude>
    <ClInclude Include="IOCPSessionBase.h">
      <Filter>NetBase\header</Filter>
    </ClInclude>
    <ClInclude Include="Packet.h">
      <Filter>NetBase\header</Filter>
    </ClInclude>
    <ClInclude Include="PacketManager.h">
      <Filter>NetBase\header</Filter>
    </ClInclude>
    <ClInclude Include="SessionBase.h">
      <Filter>NetBase\header</Filter>
    </ClInclude>
    <ClInclude Include="SocketAddress.h">
      <Filter>NetBase\header</Filter>
    </ClInclude>
    <ClInclude Include="SessionManagerBase.h">
      <Filter>NetBase\header</Filter>
    </ClInclude>
    <ClInclude Include="SocketUtil.h">
      <Filter>NetBase\header</Filter>
    </ClInclude>
    <ClInclude Include="TCPSocket.h">
      <Filter>NetBase\header</Filter>
    </ClInclude>
    <ClInclude Include="IOCPSession.h">
      <Filter>Network</Filter>
    </ClInclude>
    <ClInclude Include="SessionManager.h">
      <Filter>Network</Filter>
    </ClInclude>
  </ItemGroup>
</Project>