<?xml version="1.0" encoding="utf-8"?>
<Project ToolsVersion="4.0" xmlns="http://schemas.microsoft.com/developer/msbuild/2003">
  <ItemGroup>
    <Filter Include="소스 파일">
      <UniqueIdentifier>{4FC737F1-C7A5-4376-A066-2A32D752A2FF}</UniqueIdentifier>
      <Extensions>cpp;c;cc;cxx;c++;cppm;ixx;def;odl;idl;hpj;bat;asm;asmx</Extensions>
    </Filter>
    <Filter Include="헤더 파일">
      <UniqueIdentifier>{93995380-89BD-4b04-88EB-625FBE52EBFB}</UniqueIdentifier>
      <Extensions>h;hh;hpp;hxx;h++;hm;inl;inc;ipp;xsd</Extensions>
    </Filter>
    <Filter Include="리소스 파일">
      <UniqueIdentifier>{67DA6AB6-F800-4c08-8B7A-83BB121AAD01}</UniqueIdentifier>
      <Extensions>rc;ico;cur;bmp;dlg;rc2;rct;bin;rgs;gif;jpg;jpeg;jpe;resx;tiff;tif;png;wav;mfcribbon-ms</Extensions>
    </Filter>
    <Filter Include="01_NetBase">
      <UniqueIdentifier>{a07ee3f3-b4b5-4b39-a8a8-8f489a72906c}</UniqueIdentifier>
    </Filter>
    <Filter Include="02_IOCPBase">
      <UniqueIdentifier>{214cf3a6-a0a8-47ad-a01f-35fc580a47bb}</UniqueIdentifier>
    </Filter>
    <Filter Include="00_Base">
      <UniqueIdentifier>{42a241a1-bad1-4415-b78a-74d8d453ac25}</UniqueIdentifier>
    </Filter>
    <Filter Include="01_NetBase\header">
      <UniqueIdentifier>{5333e16e-ee67-4149-b76a-8313d985acff}</UniqueIdentifier>
    </Filter>
    <Filter Include="01_NetBase\src">
      <UniqueIdentifier>{764fac44-7570-4c55-93ac-b8f05e6575d9}</UniqueIdentifier>
    </Filter>
    <Filter Include="02_IOCPBase\header">
      <UniqueIdentifier>{35401a97-8e60-49be-a28d-cd296e97d8ba}</UniqueIdentifier>
    </Filter>
    <Filter Include="02_IOCPBase\src">
      <UniqueIdentifier>{1606eb07-d864-4b15-9de8-8e30e15b213c}</UniqueIdentifier>
    </Filter>
    <Filter Include="03_IOCPImple">
      <UniqueIdentifier>{10202043-1e05-4cac-9515-2f736c6acd9c}</UniqueIdentifier>
    </Filter>
    <Filter Include="03_IOCPImple\src">
      <UniqueIdentifier>{df13e855-a36e-45c4-8a00-9ac2c8cf228e}</UniqueIdentifier>
    </Filter>
    <Filter Include="03_IOCPImple\header">
      <UniqueIdentifier>{5becb5aa-daa6-413c-8ca3-de65e6b8d68f}</UniqueIdentifier>
    </Filter>
    <Filter Include="10_Sign">
      <UniqueIdentifier>{00d82061-e394-4ad3-9f99-a8347f9e6f36}</UniqueIdentifier>
    </Filter>
    <Filter Include="11_CharacterSelect">
      <UniqueIdentifier>{6c8408e1-a16e-43b8-9cff-e6e4076fa3c7}</UniqueIdentifier>
    </Filter>
  </ItemGroup>
  <ItemGroup>
    <ClCompile Include="main.cpp">
      <Filter>소스 파일</Filter>
    </ClCompile>
    <ClCompile Include="SignInfo.cpp">
      <Filter>10_Sign</Filter>
    </ClCompile>
    <ClCompile Include="SignManager.cpp">
      <Filter>10_Sign</Filter>
    </ClCompile>
    <ClCompile Include="ClientState.cpp">
      <Filter>소스 파일</Filter>
    </ClCompile>
    <ClCompile Include="Utils\CriticalSection.cpp">
      <Filter>00_Base</Filter>
    </ClCompile>
    <ClCompile Include="Utils\FileUtil.cpp">
      <Filter>00_Base</Filter>
    </ClCompile>
    <ClCompile Include="Utils\StringUtil.cpp">
      <Filter>00_Base</Filter>
    </ClCompile>
    <ClCompile Include="Utils\MySQL\SQLManager.cpp">
      <Filter>00_Base</Filter>
    </ClCompile>
    <ClCompile Include="Utils\KISA_CIPHER\CipherManager.cpp">
      <Filter>00_Base</Filter>
    </ClCompile>
    <ClCompile Include="Utils\KISA_CIPHER\KISA_SEED_ECB.cpp">
      <Filter>00_Base</Filter>
    </ClCompile>
    <ClCompile Include="NetBase\MemoryStream.cpp">
      <Filter>01_NetBase\src</Filter>
    </ClCompile>
    <ClCompile Include="NetBase\Packet.cpp">
      <Filter>01_NetBase\src</Filter>
    </ClCompile>
    <ClCompile Include="NetBase\PacketManager.cpp">
      <Filter>01_NetBase\src</Filter>
    </ClCompile>
    <ClCompile Include="NetBase\SocketAddress.cpp">
      <Filter>01_NetBase\src</Filter>
    </ClCompile>
    <ClCompile Include="NetBase\SocketUtil.cpp">
      <Filter>01_NetBase\src</Filter>
    </ClCompile>
    <ClCompile Include="NetBase\TCPSocket.cpp">
      <Filter>01_NetBase\src</Filter>
    </ClCompile>
    <ClCompile Include="IOCPBase\IOCPNetworkManager.cpp">
      <Filter>02_IOCPBase\src</Filter>
    </ClCompile>
    <ClCompile Include="IOCPBase\IOCPSessionBase.cpp">
      <Filter>02_IOCPBase\src</Filter>
    </ClCompile>
    <ClCompile Include="IOCPBase\IOCPSessionManager.cpp">
      <Filter>02_IOCPBase\src</Filter>
    </ClCompile>
    <ClCompile Include="IOCPBase\SessionBase.cpp">
      <Filter>02_IOCPBase\src</Filter>
    </ClCompile>
    <ClCompile Include="Engine.cpp">
      <Filter>03_IOCPImple\src</Filter>
    </ClCompile>
    <ClCompile Include="IOCPSession.cpp">
      <Filter>03_IOCPImple\src</Filter>
    </ClCompile>
    <ClCompile Include="SignState.cpp">
      <Filter>10_Sign</Filter>
    </ClCompile>
    <ClCompile Include="CharacterSelectState.cpp">
      <Filter>11_CharacterSelect</Filter>
    </ClCompile>
  </ItemGroup>
  <ItemGroup>
    <ClInclude Include="All.h">
      <Filter>헤더 파일</Filter>
    </ClInclude>
    <ClInclude Include="SignManager.h">
      <Filter>10_Sign</Filter>
    </ClInclude>
    <ClInclude Include="SignInfo.h">
      <Filter>10_Sign</Filter>
    </ClInclude>
    <ClInclude Include="ClientState.h">
      <Filter>헤더 파일</Filter>
    </ClInclude>
    <ClInclude Include="Utils\CriticalSection.h">
      <Filter>00_Base</Filter>
    </ClInclude>
    <ClInclude Include="Utils\FileUtil.h">
      <Filter>00_Base</Filter>
    </ClInclude>
    <ClInclude Include="Utils\Singleton.h">
      <Filter>00_Base</Filter>
    </ClInclude>
    <ClInclude Include="Utils\StringUtil.h">
      <Filter>00_Base</Filter>
    </ClInclude>
    <ClInclude Include="Utils\MySQL\SQLManager.h">
      <Filter>00_Base</Filter>
    </ClInclude>
    <ClInclude Include="Utils\KISA_CIPHER\CipherManager.h">
      <Filter>00_Base</Filter>
    </ClInclude>
    <ClInclude Include="Utils\KISA_CIPHER\KISA_SEED_ECB.h">
      <Filter>00_Base</Filter>
    </ClInclude>
    <ClInclude Include="NetBase\MemoryStream.h">
      <Filter>01_NetBase\header</Filter>
    </ClInclude>
    <ClInclude Include="NetBase\Packet.h">
      <Filter>01_NetBase\header</Filter>
    </ClInclude>
    <ClInclude Include="NetBase\PacketManager.h">
      <Filter>01_NetBase\header</Filter>
    </ClInclude>
    <ClInclude Include="NetBase\SocketAddress.h">
      <Filter>01_NetBase\header</Filter>
    </ClInclude>
    <ClInclude Include="NetBase\SocketUtil.h">
      <Filter>01_NetBase\header</Filter>
    </ClInclude>
    <ClInclude Include="NetBase\TCPSocket.h">
      <Filter>01_NetBase\header</Filter>
    </ClInclude>
    <ClInclude Include="NetBase\NetBase_RootHeader.h">
      <Filter>01_NetBase</Filter>
    </ClInclude>
    <ClInclude Include="IOCPBase\IOCPBase_RootHeader.h">
      <Filter>02_IOCPBase</Filter>
    </ClInclude>
    <ClInclude Include="IOCPBase\EngineBase.h">
      <Filter>02_IOCPBase\header</Filter>
    </ClInclude>
    <ClInclude Include="IOCPBase\IOCPNetworkManager.h">
      <Filter>02_IOCPBase\header</Filter>
    </ClInclude>
    <ClInclude Include="IOCPBase\IOCPSessionBase.h">
      <Filter>02_IOCPBase\header</Filter>
    </ClInclude>
    <ClInclude Include="IOCPBase\IOCPSessionManager.h">
      <Filter>02_IOCPBase\header</Filter>
    </ClInclude>
    <ClInclude Include="IOCPBase\NetworkManagerServer.h">
      <Filter>02_IOCPBase\header</Filter>
    </ClInclude>
    <ClInclude Include="IOCPBase\SessionBase.h">
      <Filter>02_IOCPBase\header</Filter>
    </ClInclude>
    <ClInclude Include="IOCPNet_RootHeader.h">
      <Filter>03_IOCPImple</Filter>
    </ClInclude>
    <ClInclude Include="Engine.h">
      <Filter>03_IOCPImple\header</Filter>
    </ClInclude>
    <ClInclude Include="IOCPSession.h">
      <Filter>03_IOCPImple\header</Filter>
    </ClInclude>
    <ClInclude Include="SignState.h">
      <Filter>10_Sign</Filter>
    </ClInclude>
    <ClInclude Include="CharacterSelectState.h">
      <Filter>11_CharacterSelect</Filter>
    </ClInclude>
  </ItemGroup>
</Project>