<?xml version="1.0" encoding="utf-8"?>
<Project ToolsVersion="4.0" xmlns="http://schemas.microsoft.com/developer/msbuild/2003">
  <ItemGroup>
    <Filter Include="소스 파일">
      <UniqueIdentifier>{4FC737F1-C7A5-4376-A066-2A32D752A2FF}</UniqueIdentifier>
      <Extensions>cpp;c;cc;cxx;c++;cppm;ixx;def;odl;idl;hpj;bat;asm;asmx</Extensions>
    </Filter>
    <Filter Include="헤더 파일">
      <UniqueIdentifier>{93995380-89BD-4b04-88EB-625FBE52EBFB}</UniqueIdentifier>
      <Extensions>h;hh;hpp;hxx;h++;hm;inl;inc;ipp;xsd</Extensions>
    </Filter>
    <Filter Include="리소스 파일">
      <UniqueIdentifier>{67DA6AB6-F800-4c08-8B7A-83BB121AAD01}</UniqueIdentifier>
      <Extensions>rc;ico;cur;bmp;dlg;rc2;rct;bin;rgs;gif;jpg;jpeg;jpe;resx;tiff;tif;png;wav;mfcribbon-ms</Extensions>
    </Filter>
    <Filter Include="00_Base">
      <UniqueIdentifier>{5608dda5-d868-49b9-9543-6fec32bc7787}</UniqueIdentifier>
    </Filter>
    <Filter Include="00_Base\header">
      <UniqueIdentifier>{d7bd36c2-fb37-4d56-b02a-29fd892ac7e1}</UniqueIdentifier>
    </Filter>
    <Filter Include="00_Base\source">
      <UniqueIdentifier>{390627ef-04a4-4d4a-99de-2106fb65a4c5}</UniqueIdentifier>
    </Filter>
    <Filter Include="01_NetBase">
      <UniqueIdentifier>{b23e86d8-c4ec-4932-b363-3a9274bb851f}</UniqueIdentifier>
    </Filter>
    <Filter Include="01_NetBase\source">
      <UniqueIdentifier>{88b8fe81-3336-4b5a-ad9d-f0a15939797e}</UniqueIdentifier>
    </Filter>
    <Filter Include="01_NetBase\header">
      <UniqueIdentifier>{84ea678f-6183-47c6-a2d4-76fded9f162a}</UniqueIdentifier>
    </Filter>
    <Filter Include="02_IOCPBase">
      <UniqueIdentifier>{acd295a6-ffa0-4fee-a73c-c44c5dd09c00}</UniqueIdentifier>
    </Filter>
    <Filter Include="02_IOCPBase\header">
      <UniqueIdentifier>{c38388e9-b93a-4d6f-96e3-e4bb1a7c5b0d}</UniqueIdentifier>
    </Filter>
    <Filter Include="02_IOCPBase\source">
      <UniqueIdentifier>{a6976a02-2e91-401b-bd34-f76297e3e34c}</UniqueIdentifier>
    </Filter>
    <Filter Include="03_Network">
      <UniqueIdentifier>{10202043-1e05-4cac-9515-2f736c6acd9c}</UniqueIdentifier>
    </Filter>
    <Filter Include="10_App">
      <UniqueIdentifier>{00d82061-e394-4ad3-9f99-a8347f9e6f36}</UniqueIdentifier>
    </Filter>
  </ItemGroup>
  <ItemGroup>
    <ClCompile Include="main.cpp">
      <Filter>소스 파일</Filter>
    </ClCompile>
    <ClCompile Include="SignInfo.cpp">
      <Filter>10_App</Filter>
    </ClCompile>
    <ClCompile Include="SignManager.cpp">
      <Filter>10_App</Filter>
    </ClCompile>
    <ClCompile Include="Engine.cpp">
      <Filter>03_Network</Filter>
    </ClCompile>
    <ClCompile Include="IOCPNetworkManager.cpp">
      <Filter>03_Network</Filter>
    </ClCompile>
    <ClCompile Include="CriticalSection.cpp">
      <Filter>00_Base\source</Filter>
    </ClCompile>
    <ClCompile Include="SocketAddress.cpp">
      <Filter>01_NetBase\source</Filter>
    </ClCompile>
    <ClCompile Include="TCPSocket.cpp">
      <Filter>01_NetBase\source</Filter>
    </ClCompile>
    <ClCompile Include="SessionManager.cpp">
      <Filter>03_Network</Filter>
    </ClCompile>
    <ClCompile Include="IOCPSession.cpp">
      <Filter>03_Network</Filter>
    </ClCompile>
    <ClCompile Include="SocketUtil.cpp">
      <Filter>01_NetBase\source</Filter>
    </ClCompile>
    <ClCompile Include="IOCPSessionBase.cpp">
      <Filter>02_IOCPBase\source</Filter>
    </ClCompile>
    <ClCompile Include="Packet.cpp">
      <Filter>02_IOCPBase\source</Filter>
    </ClCompile>
    <ClCompile Include="SessionBase.cpp">
      <Filter>02_IOCPBase\source</Filter>
    </ClCompile>
    <ClCompile Include="PacketManager.cpp">
      <Filter>02_IOCPBase\source</Filter>
    </ClCompile>
    <ClCompile Include="MemoryStream.cpp">
      <Filter>01_NetBase\source</Filter>
    </ClCompile>
    <ClCompile Include="CipherManager.cpp">
      <Filter>00_Base\source</Filter>
    </ClCompile>
    <ClCompile Include="KISA_CIPHER\KISA_SEED_ECB.cpp">
      <Filter>00_Base\source</Filter>
    </ClCompile>
    <ClCompile Include="ClientState.cpp">
      <Filter>소스 파일</Filter>
    </ClCompile>
  </ItemGroup>
  <ItemGroup>
    <ClInclude Include="base.h">
      <Filter>헤더 파일</Filter>
    </ClInclude>
    <ClInclude Include="SignManager.h">
      <Filter>10_App</Filter>
    </ClInclude>
    <ClInclude Include="SignInfo.h">
      <Filter>10_App</Filter>
    </ClInclude>
    <ClInclude Include="NetworkManagerServer.h">
      <Filter>03_Network</Filter>
    </ClInclude>
    <ClInclude Include="Engine.h">
      <Filter>03_Network</Filter>
    </ClInclude>
    <ClInclude Include="IOCPNetworkManager.h">
      <Filter>03_Network</Filter>
    </ClInclude>
    <ClInclude Include="CriticalSection.h">
      <Filter>00_Base\header</Filter>
    </ClInclude>
    <ClInclude Include="Singleton.h">
      <Filter>00_Base\header</Filter>
    </ClInclude>
    <ClInclude Include="SocketAddress.h">
      <Filter>01_NetBase\header</Filter>
    </ClInclude>
    <ClInclude Include="SocketUtil.h">
      <Filter>01_NetBase\header</Filter>
    </ClInclude>
    <ClInclude Include="TCPSocket.h">
      <Filter>01_NetBase\header</Filter>
    </ClInclude>
    <ClInclude Include="IOCPSession.h">
      <Filter>03_Network</Filter>
    </ClInclude>
    <ClInclude Include="SessionManager.h">
      <Filter>03_Network</Filter>
    </ClInclude>
    <ClInclude Include="SessionManagerBase.h">
      <Filter>02_IOCPBase\header</Filter>
    </ClInclude>
    <ClInclude Include="SessionBase.h">
      <Filter>02_IOCPBase\header</Filter>
    </ClInclude>
    <ClInclude Include="PacketManager.h">
      <Filter>02_IOCPBase\header</Filter>
    </ClInclude>
    <ClInclude Include="Packet.h">
      <Filter>02_IOCPBase\header</Filter>
    </ClInclude>
    <ClInclude Include="IOCPSessionBase.h">
      <Filter>02_IOCPBase\header</Filter>
    </ClInclude>
    <ClInclude Include="IOCPNetworkManagerBase.h">
      <Filter>02_IOCPBase\header</Filter>
    </ClInclude>
    <ClInclude Include="EngineBase.h">
      <Filter>02_IOCPBase\header</Filter>
    </ClInclude>
    <ClInclude Include="MemoryStream.h">
      <Filter>01_NetBase\header</Filter>
    </ClInclude>
    <ClInclude Include="CipherManager.h">
      <Filter>00_Base\header</Filter>
    </ClInclude>
    <ClInclude Include="KISA_CIPHER\KISA_SEED_ECB.h">
      <Filter>00_Base\header</Filter>
    </ClInclude>
    <ClInclude Include="ClientState.h">
      <Filter>헤더 파일</Filter>
    </ClInclude>
    <ClInclude Include="SessionStateSignalDefinitions.h">
      <Filter>헤더 파일</Filter>
    </ClInclude>
  </ItemGroup>
</Project>